// !$*UTF8*$!
{
	archiveVersion = 1;
	classes = {
	};
	objectVersion = 46;
	objects = {

/* Begin PBXBuildFile section */
		80F204C5D4475988B79A3D99 /* libPods-HelloClient.a in Frameworks */ = {isa = PBXBuildFile; fileRef = 6853CC74A053BF254CFC76DF /* libPods-HelloClient.a */; };
		825BE5F21E8BA02700A6E519 /* main.m in Sources */ = {isa = PBXBuildFile; fileRef = 825BE5F11E8BA02700A6E519 /* main.m */; };
		825BE5F51E8BA02700A6E519 /* AppDelegate.m in Sources */ = {isa = PBXBuildFile; fileRef = 825BE5F41E8BA02700A6E519 /* AppDelegate.m */; };
		825BE5F81E8BA02700A6E519 /* ViewController.m in Sources */ = {isa = PBXBuildFile; fileRef = 825BE5F71E8BA02700A6E519 /* ViewController.m */; };
		825BE5FB1E8BA02700A6E519 /* Main.storyboard in Resources */ = {isa = PBXBuildFile; fileRef = 825BE5F91E8BA02700A6E519 /* Main.storyboard */; };
		825BE5FD1E8BA02700A6E519 /* Assets.xcassets in Resources */ = {isa = PBXBuildFile; fileRef = 825BE5FC1E8BA02700A6E519 /* Assets.xcassets */; };
		825BE6001E8BA02700A6E519 /* LaunchScreen.storyboard in Resources */ = {isa = PBXBuildFile; fileRef = 825BE5FE1E8BA02700A6E519 /* LaunchScreen.storyboard */; };
/* End PBXBuildFile section */

/* Begin PBXFileReference section */
		0F345C0D19B25DA324E46801 /* Pods-HelloClient.release.xcconfig */ = {isa = PBXFileReference; includeInIndex = 1; lastKnownFileType = text.xcconfig; name = "Pods-HelloClient.release.xcconfig"; path = "Pods/Target Support Files/Pods-HelloClient/Pods-HelloClient.release.xcconfig"; sourceTree = "<group>"; };
		244B54F52428089E62EBF736 /* Pods-HelloClient.debug.xcconfig */ = {isa = PBXFileReference; includeInIndex = 1; lastKnownFileType = text.xcconfig; name = "Pods-HelloClient.debug.xcconfig"; path = "Pods/Target Support Files/Pods-HelloClient/Pods-HelloClient.debug.xcconfig"; sourceTree = "<group>"; };
		6853CC74A053BF254CFC76DF /* libPods-HelloClient.a */ = {isa = PBXFileReference; explicitFileType = archive.ar; includeInIndex = 0; path = "libPods-HelloClient.a"; sourceTree = BUILT_PRODUCTS_DIR; };
		825BE5ED1E8BA02700A6E519 /* HelloClient.app */ = {isa = PBXFileReference; explicitFileType = wrapper.application; includeInIndex = 0; path = HelloClient.app; sourceTree = BUILT_PRODUCTS_DIR; };
		825BE5F11E8BA02700A6E519 /* main.m */ = {isa = PBXFileReference; lastKnownFileType = sourcecode.c.objc; path = main.m; sourceTree = "<group>"; };
		825BE5F31E8BA02700A6E519 /* AppDelegate.h */ = {isa = PBXFileReference; lastKnownFileType = sourcecode.c.h; path = AppDelegate.h; sourceTree = "<group>"; };
		825BE5F41E8BA02700A6E519 /* AppDelegate.m */ = {isa = PBXFileReference; lastKnownFileType = sourcecode.c.objc; path = AppDelegate.m; sourceTree = "<group>"; };
		825BE5F61E8BA02700A6E519 /* ViewController.h */ = {isa = PBXFileReference; lastKnownFileType = sourcecode.c.h; path = ViewController.h; sourceTree = "<group>"; };
		825BE5F71E8BA02700A6E519 /* ViewController.m */ = {isa = PBXFileReference; lastKnownFileType = sourcecode.c.objc; path = ViewController.m; sourceTree = "<group>"; };
		825BE5FA1E8BA02700A6E519 /* Base */ = {isa = PBXFileReference; lastKnownFileType = file.storyboard; name = Base; path = Base.lproj/Main.storyboard; sourceTree = "<group>"; };
		825BE5FC1E8BA02700A6E519 /* Assets.xcassets */ = {isa = PBXFileReference; lastKnownFileType = folder.assetcatalog; path = Assets.xcassets; sourceTree = "<group>"; };
		825BE5FF1E8BA02700A6E519 /* Base */ = {isa = PBXFileReference; lastKnownFileType = file.storyboard; name = Base; path = Base.lproj/LaunchScreen.storyboard; sourceTree = "<group>"; };
		825BE6011E8BA02700A6E519 /* Info.plist */ = {isa = PBXFileReference; lastKnownFileType = text.plist.xml; path = Info.plist; sourceTree = "<group>"; };
/* End PBXFileReference section */

/* Begin PBXFrameworksBuildPhase section */
		825BE5EA1E8BA02700A6E519 /* Frameworks */ = {
			isa = PBXFrameworksBuildPhase;
			buildActionMask = 2147483647;
			files = (
				80F204C5D4475988B79A3D99 /* libPods-HelloClient.a in Frameworks */,
			);
			runOnlyForDeploymentPostprocessing = 0;
		};
/* End PBXFrameworksBuildPhase section */

/* Begin PBXGroup section */
		0C26355E200DC46957E45488 /* Pods */ = {
			isa = PBXGroup;
			children = (
				244B54F52428089E62EBF736 /* Pods-HelloClient.debug.xcconfig */,
				0F345C0D19B25DA324E46801 /* Pods-HelloClient.release.xcconfig */,
			);
			name = Pods;
			sourceTree = "<group>";
		};
		825BE5E41E8BA02700A6E519 = {
			isa = PBXGroup;
			children = (
				825BE5EF1E8BA02700A6E519 /* HelloClient */,
				825BE5EE1E8BA02700A6E519 /* Products */,
				0C26355E200DC46957E45488 /* Pods */,
				F5060577E1F3BDB6AEB5A741 /* Frameworks */,
			);
			sourceTree = "<group>";
		};
		825BE5EE1E8BA02700A6E519 /* Products */ = {
			isa = PBXGroup;
			children = (
				825BE5ED1E8BA02700A6E519 /* HelloClient.app */,
			);
			name = Products;
			sourceTree = "<group>";
		};
		825BE5EF1E8BA02700A6E519 /* HelloClient */ = {
			isa = PBXGroup;
			children = (
				825BE5F31E8BA02700A6E519 /* AppDelegate.h */,
				825BE5F41E8BA02700A6E519 /* AppDelegate.m */,
				825BE5F61E8BA02700A6E519 /* ViewController.h */,
				825BE5F71E8BA02700A6E519 /* ViewController.m */,
				825BE5F91E8BA02700A6E519 /* Main.storyboard */,
				825BE5FC1E8BA02700A6E519 /* Assets.xcassets */,
				825BE5FE1E8BA02700A6E519 /* LaunchScreen.storyboard */,
				825BE6011E8BA02700A6E519 /* Info.plist */,
				825BE5F01E8BA02700A6E519 /* Supporting Files */,
			);
			path = HelloClient;
			sourceTree = "<group>";
		};
		825BE5F01E8BA02700A6E519 /* Supporting Files */ = {
			isa = PBXGroup;
			children = (
				825BE5F11E8BA02700A6E519 /* main.m */,
			);
			name = "Supporting Files";
			sourceTree = "<group>";
		};
		F5060577E1F3BDB6AEB5A741 /* Frameworks */ = {
			isa = PBXGroup;
			children = (
				6853CC74A053BF254CFC76DF /* libPods-HelloClient.a */,
			);
			name = Frameworks;
			sourceTree = "<group>";
		};
/* End PBXGroup section */

/* Begin PBXNativeTarget section */
		825BE5EC1E8BA02700A6E519 /* HelloClient */ = {
			isa = PBXNativeTarget;
			buildConfigurationList = 825BE6041E8BA02700A6E519 /* Build configuration list for PBXNativeTarget "HelloClient" */;
			buildPhases = (
				A8B5493F421CF0307D27BAFA /* [CP] Check Pods Manifest.lock */,
				825BE5E91E8BA02700A6E519 /* Sources */,
				825BE5EA1E8BA02700A6E519 /* Frameworks */,
				825BE5EB1E8BA02700A6E519 /* Resources */,
				4735EFC9F61011047426F257 /* [CP] Embed Pods Frameworks */,
				CF5ECCEBF500CF16BB141B4A /* [CP] Copy Pods Resources */,
			);
			buildRules = (
			);
			dependencies = (
			);
			name = HelloClient;
			productName = HelloClient;
			productReference = 825BE5ED1E8BA02700A6E519 /* HelloClient.app */;
			productType = "com.apple.product-type.application";
		};
/* End PBXNativeTarget section */

/* Begin PBXProject section */
		825BE5E51E8BA02700A6E519 /* Project object */ = {
			isa = PBXProject;
			attributes = {
				LastUpgradeCheck = 0730;
				ORGANIZATIONNAME = avi.im;
				TargetAttributes = {
					825BE5EC1E8BA02700A6E519 = {
						CreatedOnToolsVersion = 7.3.1;
					};
				};
			};
			buildConfigurationList = 825BE5E81E8BA02700A6E519 /* Build configuration list for PBXProject "HelloClient" */;
			compatibilityVersion = "Xcode 3.2";
			developmentRegion = English;
			hasScannedForEncodings = 0;
			knownRegions = (
				en,
				Base,
			);
			mainGroup = 825BE5E41E8BA02700A6E519;
			productRefGroup = 825BE5EE1E8BA02700A6E519 /* Products */;
			projectDirPath = "";
			projectRoot = "";
			targets = (
				825BE5EC1E8BA02700A6E519 /* HelloClient */,
			);
		};
/* End PBXProject section */

/* Begin PBXResourcesBuildPhase section */
		825BE5EB1E8BA02700A6E519 /* Resources */ = {
			isa = PBXResourcesBuildPhase;
			buildActionMask = 2147483647;
			files = (
				825BE6001E8BA02700A6E519 /* LaunchScreen.storyboard in Resources */,
				825BE5FD1E8BA02700A6E519 /* Assets.xcassets in Resources */,
				825BE5FB1E8BA02700A6E519 /* Main.storyboard in Resources */,
			);
			runOnlyForDeploymentPostprocessing = 0;
		};
/* End PBXResourcesBuildPhase section */

/* Begin PBXShellScriptBuildPhase section */
		4735EFC9F61011047426F257 /* [CP] Embed Pods Frameworks */ = {
			isa = PBXShellScriptBuildPhase;
			buildActionMask = 2147483647;
			files = (
			);
			inputPaths = (
			);
			name = "[CP] Embed Pods Frameworks";
			outputPaths = (
			);
			runOnlyForDeploymentPostprocessing = 0;
			shellPath = /bin/sh;
			shellScript = "\"${SRCROOT}/Pods/Target Support Files/Pods-HelloClient/Pods-HelloClient-frameworks.sh\"\n";
			showEnvVarsInLog = 0;
		};
		A8B5493F421CF0307D27BAFA /* [CP] Check Pods Manifest.lock */ = {
			isa = PBXShellScriptBuildPhase;
			buildActionMask = 2147483647;
			files = (
			);
			inputPaths = (
			);
			name = "[CP] Check Pods Manifest.lock";
			outputPaths = (
			);
			runOnlyForDeploymentPostprocessing = 0;
			shellPath = /bin/sh;
			shellScript = "diff \"${PODS_ROOT}/../Podfile.lock\" \"${PODS_ROOT}/Manifest.lock\" > /dev/null\nif [ $? != 0 ] ; then\n    # print error to STDERR\n    echo \"error: The sandbox is not in sync with the Podfile.lock. Run 'pod install' or update your CocoaPods installation.\" >&2\n    exit 1\nfi\n";
			showEnvVarsInLog = 0;
		};
		CF5ECCEBF500CF16BB141B4A /* [CP] Copy Pods Resources */ = {
			isa = PBXShellScriptBuildPhase;
			buildActionMask = 2147483647;
			files = (
			);
			inputPaths = (
			);
			name = "[CP] Copy Pods Resources";
			outputPaths = (
			);
			runOnlyForDeploymentPostprocessing = 0;
			shellPath = /bin/sh;
			shellScript = "\"${SRCROOT}/Pods/Target Support Files/Pods-HelloClient/Pods-HelloClient-resources.sh\"\n";
			showEnvVarsInLog = 0;
		};
/* End PBXShellScriptBuildPhase section */

/* Begin PBXSourcesBuildPhase section */
		825BE5E91E8BA02700A6E519 /* Sources */ = {
			isa = PBXSourcesBuildPhase;
			buildActionMask = 2147483647;
			files = (
				825BE5F81E8BA02700A6E519 /* ViewController.m in Sources */,
				825BE5F51E8BA02700A6E519 /* AppDelegate.m in Sources */,
				825BE5F21E8BA02700A6E519 /* main.m in Sources */,
			);
			runOnlyForDeploymentPostprocessing = 0;
		};
/* End PBXSourcesBuildPhase section */

/* Begin PBXVariantGroup section */
		825BE5F91E8BA02700A6E519 /* Main.storyboard */ = {
			isa = PBXVariantGroup;
			children = (
				825BE5FA1E8BA02700A6E519 /* Base */,
			);
			name = Main.storyboard;
			sourceTree = "<group>";
		};
		825BE5FE1E8BA02700A6E519 /* LaunchScreen.storyboard */ = {
			isa = PBXVariantGroup;
			children = (
				825BE5FF1E8BA02700A6E519 /* Base */,
			);
			name = LaunchScreen.storyboard;
			sourceTree = "<group>";
		};
/* End PBXVariantGroup section */

/* Begin XCBuildConfiguration section */
		825BE6021E8BA02700A6E519 /* Debug */ = {
			isa = XCBuildConfiguration;
			buildSettings = {
				ALWAYS_SEARCH_USER_PATHS = NO;
				CLANG_ANALYZER_NONNULL = YES;
				CLANG_CXX_LANGUAGE_STANDARD = "gnu++0x";
				CLANG_CXX_LIBRARY = "libc++";
				CLANG_ENABLE_MODULES = YES;
				CLANG_ENABLE_OBJC_ARC = YES;
				CLANG_WARN_BOOL_CONVERSION = YES;
				CLANG_WARN_CONSTANT_CONVERSION = YES;
				CLANG_WARN_DIRECT_OBJC_ISA_USAGE = YES_ERROR;
				CLANG_WARN_EMPTY_BODY = YES;
				CLANG_WARN_ENUM_CONVERSION = YES;
				CLANG_WARN_INT_CONVERSION = YES;
				CLANG_WARN_OBJC_ROOT_CLASS = YES_ERROR;
				CLANG_WARN_UNREACHABLE_CODE = YES;
				CLANG_WARN__DUPLICATE_METHOD_MATCH = YES;
				"CODE_SIGN_IDENTITY[sdk=iphoneos*]" = "iPhone Developer";
				COPY_PHASE_STRIP = NO;
				DEBUG_INFORMATION_FORMAT = dwarf;
				ENABLE_STRICT_OBJC_MSGSEND = YES;
				ENABLE_TESTABILITY = YES;
				GCC_C_LANGUAGE_STANDARD = gnu99;
				GCC_DYNAMIC_NO_PIC = NO;
				GCC_NO_COMMON_BLOCKS = YES;
				GCC_OPTIMIZATION_LEVEL = 0;
				GCC_PREPROCESSOR_DEFINITIONS = (
					"DEBUG=1",
					"$(inherited)",
				);
				GCC_WARN_64_TO_32_BIT_CONVERSION = YES;
				GCC_WARN_ABOUT_RETURN_TYPE = YES_ERROR;
				GCC_WARN_UNDECLARED_SELECTOR = YES;
				GCC_WARN_UNINITIALIZED_AUTOS = YES_AGGRESSIVE;
				GCC_WARN_UNUSED_FUNCTION = YES;
				GCC_WARN_UNUSED_VARIABLE = YES;
				IPHONEOS_DEPLOYMENT_TARGET = 9.3;
				MTL_ENABLE_DEBUG_INFO = YES;
				ONLY_ACTIVE_ARCH = YES;
				SDKROOT = iphoneos;
			};
			name = Debug;
		};
		825BE6031E8BA02700A6E519 /* Release */ = {
			isa = XCBuildConfiguration;
			buildSettings = {
				ALWAYS_SEARCH_USER_PATHS = NO;
				CLANG_ANALYZER_NONNULL = YES;
				CLANG_CXX_LANGUAGE_STANDARD = "gnu++0x";
				CLANG_CXX_LIBRARY = "libc++";
				CLANG_ENABLE_MODULES = YES;
				CLANG_ENABLE_OBJC_ARC = YES;
				CLANG_WARN_BOOL_CONVERSION = YES;
				CLANG_WARN_CONSTANT_CONVERSION = YES;
				CLANG_WARN_DIRECT_OBJC_ISA_USAGE = YES_ERROR;
				CLANG_WARN_EMPTY_BODY = YES;
				CLANG_WARN_ENUM_CONVERSION = YES;
				CLANG_WARN_INT_CONVERSION = YES;
				CLANG_WARN_OBJC_ROOT_CLASS = YES_ERROR;
				CLANG_WARN_UNREACHABLE_CODE = YES;
				CLANG_WARN__DUPLICATE_METHOD_MATCH = YES;
				"CODE_SIGN_IDENTITY[sdk=iphoneos*]" = "iPhone Developer";
				COPY_PHASE_STRIP = NO;
				DEBUG_INFORMATION_FORMAT = "dwarf-with-dsym";
				ENABLE_NS_ASSERTIONS = NO;
				ENABLE_STRICT_OBJC_MSGSEND = YES;
				GCC_C_LANGUAGE_STANDARD = gnu99;
				GCC_NO_COMMON_BLOCKS = YES;
				GCC_WARN_64_TO_32_BIT_CONVERSION = YES;
				GCC_WARN_ABOUT_RETURN_TYPE = YES_ERROR;
				GCC_WARN_UNDECLARED_SELECTOR = YES;
				GCC_WARN_UNINITIALIZED_AUTOS = YES_AGGRESSIVE;
				GCC_WARN_UNUSED_FUNCTION = YES;
				GCC_WARN_UNUSED_VARIABLE = YES;
				IPHONEOS_DEPLOYMENT_TARGET = 9.3;
				MTL_ENABLE_DEBUG_INFO = NO;
				SDKROOT = iphoneos;
				VALIDATE_PRODUCT = YES;
			};
			name = Release;
		};
		825BE6051E8BA02700A6E519 /* Debug */ = {
			isa = XCBuildConfiguration;
			baseConfigurationReference = 244B54F52428089E62EBF736 /* Pods-HelloClient.debug.xcconfig */;
			buildSettings = {
				ASSETCATALOG_COMPILER_APPICON_NAME = AppIcon;
				INFOPLIST_FILE = HelloClient/Info.plist;
				LD_RUNPATH_SEARCH_PATHS = "$(inherited) @executable_path/Frameworks";
				PRODUCT_BUNDLE_IDENTIFIER = im.avi.HelloClient;
				PRODUCT_NAME = "$(TARGET_NAME)";
			};
			name = Debug;
		};
		825BE6061E8BA02700A6E519 /* Release */ = {
			isa = XCBuildConfiguration;
			baseConfigurationReference = 0F345C0D19B25DA324E46801 /* Pods-HelloClient.release.xcconfig */;
			buildSettings = {
				ASSETCATALOG_COMPILER_APPICON_NAME = AppIcon;
				INFOPLIST_FILE = HelloClient/Info.plist;
				LD_RUNPATH_SEARCH_PATHS = "$(inherited) @executable_path/Frameworks";
				PRODUCT_BUNDLE_IDENTIFIER = im.avi.HelloClient;
				PRODUCT_NAME = "$(TARGET_NAME)";
			};
			name = Release;
		};
/* End XCBuildConfiguration section */

/* Begin XCConfigurationList section */
		825BE5E81E8BA02700A6E519 /* Build configuration list for PBXProject "HelloClient" */ = {
			isa = XCConfigurationList;
			buildConfigurations = (
				825BE6021E8BA02700A6E519 /* Debug */,
				825BE6031E8BA02700A6E519 /* Release */,
			);
			defaultConfigurationIsVisible = 0;
			defaultConfigurationName = Release;
		};
		825BE6041E8BA02700A6E519 /* Build configuration list for PBXNativeTarget "HelloClient" */ = {
			isa = XCConfigurationList;
			buildConfigurations = (
				825BE6051E8BA02700A6E519 /* Debug */,
				825BE6061E8BA02700A6E519 /* Release */,
			);
			defaultConfigurationIsVisible = 0;
		};
/* End XCConfigurationList section */
	};
	rootObject = 825BE5E51E8BA02700A6E519 /* Project object */;
}
